// !$*UTF8*$!
{
	archiveVersion = 1;
	classes = {
	};
	objectVersion = 46;
	objects = {

/* Begin PBXBuildFile section */
		432595E41AA25C8B0076CC87 /* main.m in Sources */ = {isa = PBXBuildFile; fileRef = 432595E31AA25C8B0076CC87 /* main.m */; };
		432595E71AA25C8B0076CC87 /* AppDelegate.m in Sources */ = {isa = PBXBuildFile; fileRef = 432595E61AA25C8B0076CC87 /* AppDelegate.m */; };
		432595EA1AA25C8B0076CC87 /* ViewController.m in Sources */ = {isa = PBXBuildFile; fileRef = 432595E91AA25C8B0076CC87 /* ViewController.m */; };
		432595ED1AA25C8B0076CC87 /* Main.storyboard in Resources */ = {isa = PBXBuildFile; fileRef = 432595EB1AA25C8B0076CC87 /* Main.storyboard */; };
		432595EF1AA25C8B0076CC87 /* Images.xcassets in Resources */ = {isa = PBXBuildFile; fileRef = 432595EE1AA25C8B0076CC87 /* Images.xcassets */; };
		432595F21AA25C8B0076CC87 /* LaunchScreen.xib in Resources */ = {isa = PBXBuildFile; fileRef = 432595F01AA25C8B0076CC87 /* LaunchScreen.xib */; };
		432595FE1AA25C8B0076CC87 /* SUBFUNCTION1Tests.m in Sources */ = {isa = PBXBuildFile; fileRef = 432595FD1AA25C8B0076CC87 /* SUBFUNCTION1Tests.m */; };
/* End PBXBuildFile section */

/* Begin PBXContainerItemProxy section */
		432595F81AA25C8B0076CC87 /* PBXContainerItemProxy */ = {
			isa = PBXContainerItemProxy;
			containerPortal = 432595D61AA25C8B0076CC87 /* Project object */;
			proxyType = 1;
			remoteGlobalIDString = 432595DD1AA25C8B0076CC87;
			remoteInfo = SUBFUNCTION1;
		};
/* End PBXContainerItemProxy section */

/* Begin PBXFileReference section */
		432595DE1AA25C8B0076CC87 /* SUBFUNCTION1.app */ = {isa = PBXFileReference; explicitFileType = wrapper.application; includeInIndex = 0; path = SUBFUNCTION1.app; sourceTree = BUILT_PRODUCTS_DIR; };
		432595E21AA25C8B0076CC87 /* Info.plist */ = {isa = PBXFileReference; lastKnownFileType = text.plist.xml; path = Info.plist; sourceTree = "<group>"; };
		432595E31AA25C8B0076CC87 /* main.m */ = {isa = PBXFileReference; lastKnownFileType = sourcecode.c.objc; path = main.m; sourceTree = "<group>"; };
		432595E51AA25C8B0076CC87 /* AppDelegate.h */ = {isa = PBXFileReference; lastKnownFileType = sourcecode.c.h; path = AppDelegate.h; sourceTree = "<group>"; };
		432595E61AA25C8B0076CC87 /* AppDelegate.m */ = {isa = PBXFileReference; lastKnownFileType = sourcecode.c.objc; path = AppDelegate.m; sourceTree = "<group>"; };
		432595E81AA25C8B0076CC87 /* ViewController.h */ = {isa = PBXFileReference; lastKnownFileType = sourcecode.c.h; path = ViewController.h; sourceTree = "<group>"; };
		432595E91AA25C8B0076CC87 /* ViewController.m */ = {isa = PBXFileReference; lastKnownFileType = sourcecode.c.objc; path = ViewController.m; sourceTree = "<group>"; };
		432595EC1AA25C8B0076CC87 /* Base */ = {isa = PBXFileReference; lastKnownFileType = file.storyboard; name = Base; path = Base.lproj/Main.storyboard; sourceTree = "<group>"; };
		432595EE1AA25C8B0076CC87 /* Images.xcassets */ = {isa = PBXFileReference; lastKnownFileType = folder.assetcatalog; path = Images.xcassets; sourceTree = "<group>"; };
		432595F11AA25C8B0076CC87 /* Base */ = {isa = PBXFileReference; lastKnownFileType = file.xib; name = Base; path = Base.lproj/LaunchScreen.xib; sourceTree = "<group>"; };
		432595F71AA25C8B0076CC87 /* SUBFUNCTION1Tests.xctest */ = {isa = PBXFileReference; explicitFileType = wrapper.cfbundle; includeInIndex = 0; path = SUBFUNCTION1Tests.xctest; sourceTree = BUILT_PRODUCTS_DIR; };
		432595FC1AA25C8B0076CC87 /* Info.plist */ = {isa = PBXFileReference; lastKnownFileType = text.plist.xml; path = Info.plist; sourceTree = "<group>"; };
		432595FD1AA25C8B0076CC87 /* SUBFUNCTION1Tests.m */ = {isa = PBXFileReference; lastKnownFileType = sourcecode.c.objc; path = SUBFUNCTION1Tests.m; sourceTree = "<group>"; };
/* End PBXFileReference section */

/* Begin PBXFrameworksBuildPhase section */
		432595DB1AA25C8B0076CC87 /* Frameworks */ = {
			isa = PBXFrameworksBuildPhase;
			buildActionMask = 2147483647;
			files = (
			);
			runOnlyForDeploymentPostprocessing = 0;
		};
		432595F41AA25C8B0076CC87 /* Frameworks */ = {
			isa = PBXFrameworksBuildPhase;
			buildActionMask = 2147483647;
			files = (
			);
			runOnlyForDeploymentPostprocessing = 0;
		};
/* End PBXFrameworksBuildPhase section */

/* Begin PBXGroup section */
		432595D51AA25C8B0076CC87 = {
			isa = PBXGroup;
			children = (
				432595E01AA25C8B0076CC87 /* SUBFUNCTION1 */,
				432595FA1AA25C8B0076CC87 /* SUBFUNCTION1Tests */,
				432595DF1AA25C8B0076CC87 /* Products */,
			);
			sourceTree = "<group>";
		};
		432595DF1AA25C8B0076CC87 /* Products */ = {
			isa = PBXGroup;
			children = (
				432595DE1AA25C8B0076CC87 /* SUBFUNCTION1.app */,
				432595F71AA25C8B0076CC87 /* SUBFUNCTION1Tests.xctest */,
			);
			name = Products;
			sourceTree = "<group>";
		};
		432595E01AA25C8B0076CC87 /* SUBFUNCTION1 */ = {
			isa = PBXGroup;
			children = (
				432595E51AA25C8B0076CC87 /* AppDelegate.h */,
				432595E61AA25C8B0076CC87 /* AppDelegate.m */,
				432595E81AA25C8B0076CC87 /* ViewController.h */,
				432595E91AA25C8B0076CC87 /* ViewController.m */,
				432595EB1AA25C8B0076CC87 /* Main.storyboard */,
				432595EE1AA25C8B0076CC87 /* Images.xcassets */,
				432595F01AA25C8B0076CC87 /* LaunchScreen.xib */,
				432595E11AA25C8B0076CC87 /* Supporting Files */,
			);
			path = SUBFUNCTION1;
			sourceTree = "<group>";
		};
		432595E11AA25C8B0076CC87 /* Supporting Files */ = {
			isa = PBXGroup;
			children = (
				432595E21AA25C8B0076CC87 /* Info.plist */,
				432595E31AA25C8B0076CC87 /* main.m */,
			);
			name = "Supporting Files";
			sourceTree = "<group>";
		};
		432595FA1AA25C8B0076CC87 /* SUBFUNCTION1Tests */ = {
			isa = PBXGroup;
			children = (
				432595FD1AA25C8B0076CC87 /* SUBFUNCTION1Tests.m */,
				432595FB1AA25C8B0076CC87 /* Supporting Files */,
			);
			path = SUBFUNCTION1Tests;
			sourceTree = "<group>";
		};
		432595FB1AA25C8B0076CC87 /* Supporting Files */ = {
			isa = PBXGroup;
			children = (
				432595FC1AA25C8B0076CC87 /* Info.plist */,
			);
			name = "Supporting Files";
			sourceTree = "<group>";
		};
/* End PBXGroup section */

/* Begin PBXNativeTarget section */
		432595DD1AA25C8B0076CC87 /* SUBFUNCTION1 */ = {
			isa = PBXNativeTarget;
			buildConfigurationList = 432596011AA25C8B0076CC87 /* Build configuration list for PBXNativeTarget "SUBFUNCTION1" */;
			buildPhases = (
				432595DA1AA25C8B0076CC87 /* Sources */,
				432595DB1AA25C8B0076CC87 /* Frameworks */,
				432595DC1AA25C8B0076CC87 /* Resources */,
			);
			buildRules = (
			);
			dependencies = (
			);
			name = SUBFUNCTION1;
			productName = SUBFUNCTION1;
			productReference = 432595DE1AA25C8B0076CC87 /* SUBFUNCTION1.app */;
			productType = "com.apple.product-type.application";
		};
		432595F61AA25C8B0076CC87 /* SUBFUNCTION1Tests */ = {
			isa = PBXNativeTarget;
			buildConfigurationList = 432596041AA25C8B0076CC87 /* Build configuration list for PBXNativeTarget "SUBFUNCTION1Tests" */;
			buildPhases = (
				432595F31AA25C8B0076CC87 /* Sources */,
				432595F41AA25C8B0076CC87 /* Frameworks */,
				432595F51AA25C8B0076CC87 /* Resources */,
			);
			buildRules = (
			);
			dependencies = (
				432595F91AA25C8B0076CC87 /* PBXTargetDependency */,
			);
			name = SUBFUNCTION1Tests;
			productName = SUBFUNCTION1Tests;
			productReference = 432595F71AA25C8B0076CC87 /* SUBFUNCTION1Tests.xctest */;
			productType = "com.apple.product-type.bundle.unit-test";
		};
/* End PBXNativeTarget section */

/* Begin PBXProject section */
		432595D61AA25C8B0076CC87 /* Project object */ = {
			isa = PBXProject;
			attributes = {
				LastUpgradeCheck = 0610;
				ORGANIZATIONNAME = "Raja Ati";
				TargetAttributes = {
					432595DD1AA25C8B0076CC87 = {
						CreatedOnToolsVersion = 6.1.1;
					};
					432595F61AA25C8B0076CC87 = {
						CreatedOnToolsVersion = 6.1.1;
						TestTargetID = 432595DD1AA25C8B0076CC87;
					};
				};
			};
			buildConfigurationList = 432595D91AA25C8B0076CC87 /* Build configuration list for PBXProject "SUBFUNCTION1" */;
			compatibilityVersion = "Xcode 3.2";
			developmentRegion = English;
			hasScannedForEncodings = 0;
			knownRegions = (
				en,
				Base,
			);
			mainGroup = 432595D51AA25C8B0076CC87;
			productRefGroup = 432595DF1AA25C8B0076CC87 /* Products */;
			projectDirPath = "";
			projectRoot = "";
			targets = (
				432595DD1AA25C8B0076CC87 /* SUBFUNCTION1 */,
				432595F61AA25C8B0076CC87 /* SUBFUNCTION1Tests */,
			);
		};
/* End PBXProject section */

/* Begin PBXResourcesBuildPhase section */
		432595DC1AA25C8B0076CC87 /* Resources */ = {
			isa = PBXResourcesBuildPhase;
			buildActionMask = 2147483647;
			files = (
				432595ED1AA25C8B0076CC87 /* Main.storyboard in Resources */,
				432595F21AA25C8B0076CC87 /* LaunchScreen.xib in Resources */,
				432595EF1AA25C8B0076CC87 /* Images.xcassets in Resources */,
			);
			runOnlyForDeploymentPostprocessing = 0;
		};
		432595F51AA25C8B0076CC87 /* Resources */ = {
			isa = PBXResourcesBuildPhase;
			buildActionMask = 2147483647;
			files = (
			);
			runOnlyForDeploymentPostprocessing = 0;
		};
/* End PBXResourcesBuildPhase section */

/* Begin PBXSourcesBuildPhase section */
		432595DA1AA25C8B0076CC87 /* Sources */ = {
			isa = PBXSourcesBuildPhase;
			buildActionMask = 2147483647;
			files = (
				432595EA1AA25C8B0076CC87 /* ViewController.m in Sources */,
				432595E71AA25C8B0076CC87 /* AppDelegate.m in Sources */,
				432595E41AA25C8B0076CC87 /* main.m in Sources */,
			);
			runOnlyForDeploymentPostprocessing = 0;
		};
		432595F31AA25C8B0076CC87 /* Sources */ = {
			isa = PBXSourcesBuildPhase;
			buildActionMask = 2147483647;
			files = (
				432595FE1AA25C8B0076CC87 /* SUBFUNCTION1Tests.m in Sources */,
			);
			runOnlyForDeploymentPostprocessing = 0;
		};
/* End PBXSourcesBuildPhase section */

/* Begin PBXTargetDependency section */
		432595F91AA25C8B0076CC87 /* PBXTargetDependency */ = {
			isa = PBXTargetDependency;
			target = 432595DD1AA25C8B0076CC87 /* SUBFUNCTION1 */;
			targetProxy = 432595F81AA25C8B0076CC87 /* PBXContainerItemProxy */;
		};
/* End PBXTargetDependency section */

/* Begin PBXVariantGroup section */
		432595EB1AA25C8B0076CC87 /* Main.storyboard */ = {
			isa = PBXVariantGroup;
			children = (
				432595EC1AA25C8B0076CC87 /* Base */,
			);
			name = Main.storyboard;
			sourceTree = "<group>";
		};
		432595F01AA25C8B0076CC87 /* LaunchScreen.xib */ = {
			isa = PBXVariantGroup;
			children = (
				432595F11AA25C8B0076CC87 /* Base */,
			);
			name = LaunchScreen.xib;
			sourceTree = "<group>";
		};
/* End PBXVariantGroup section */

/* Begin XCBuildConfiguration section */
		432595FF1AA25C8B0076CC87 /* Debug */ = {
			isa = XCBuildConfiguration;
			buildSettings = {
				ALWAYS_SEARCH_USER_PATHS = NO;
				CLANG_CXX_LANGUAGE_STANDARD = "gnu++0x";
				CLANG_CXX_LIBRARY = "libc++";
				CLANG_ENABLE_MODULES = YES;
				CLANG_ENABLE_OBJC_ARC = YES;
				CLANG_WARN_BOOL_CONVERSION = YES;
				CLANG_WARN_CONSTANT_CONVERSION = YES;
				CLANG_WARN_DIRECT_OBJC_ISA_USAGE = YES_ERROR;
				CLANG_WARN_EMPTY_BODY = YES;
				CLANG_WARN_ENUM_CONVERSION = YES;
				CLANG_WARN_INT_CONVERSION = YES;
				CLANG_WARN_OBJC_ROOT_CLASS = YES_ERROR;
				CLANG_WARN_UNREACHABLE_CODE = YES;
				CLANG_WARN__DUPLICATE_METHOD_MATCH = YES;
				"CODE_SIGN_IDENTITY[sdk=iphoneos*]" = "iPhone Developer";
				COPY_PHASE_STRIP = NO;
				ENABLE_STRICT_OBJC_MSGSEND = YES;
				GCC_C_LANGUAGE_STANDARD = gnu99;
				GCC_DYNAMIC_NO_PIC = NO;
				GCC_OPTIMIZATION_LEVEL = 0;
				GCC_PREPROCESSOR_DEFINITIONS = (
					"DEBUG=1",
					"$(inherited)",
				);
				GCC_SYMBOLS_PRIVATE_EXTERN = NO;
				GCC_WARN_64_TO_32_BIT_CONVERSION = YES;
				GCC_WARN_ABOUT_RETURN_TYPE = YES_ERROR;
				GCC_WARN_UNDECLARED_SELECTOR = YES;
				GCC_WARN_UNINITIALIZED_AUTOS = YES_AGGRESSIVE;
				GCC_WARN_UNUSED_FUNCTION = YES;
				GCC_WARN_UNUSED_VARIABLE = YES;
				IPHONEOS_DEPLOYMENT_TARGET = 8.1;
				MTL_ENABLE_DEBUG_INFO = YES;
				ONLY_ACTIVE_ARCH = YES;
				SDKROOT = iphoneos;
				TARGETED_DEVICE_FAMILY = "1,2";
			};
			name = Debug;
		};
		432596001AA25C8B0076CC87 /* Release */ = {
			isa = XCBuildConfiguration;
			buildSettings = {
				ALWAYS_SEARCH_USER_PATHS = NO;
				CLANG_CXX_LANGUAGE_STANDARD = "gnu++0x";
				CLANG_CXX_LIBRARY = "libc++";
				CLANG_ENABLE_MODULES = YES;
				CLANG_ENABLE_OBJC_ARC = YES;
				CLANG_WARN_BOOL_CONVERSION = YES;
				CLANG_WARN_CONSTANT_CONVERSION = YES;
				CLANG_WARN_DIRECT_OBJC_ISA_USAGE = YES_ERROR;
				CLANG_WARN_EMPTY_BODY = YES;
				CLANG_WARN_ENUM_CONVERSION = YES;
				CLANG_WARN_INT_CONVERSION = YES;
				CLANG_WARN_OBJC_ROOT_CLASS = YES_ERROR;
				CLANG_WARN_UNREACHABLE_CODE = YES;
				CLANG_WARN__DUPLICATE_METHOD_MATCH = YES;
				"CODE_SIGN_IDENTITY[sdk=iphoneos*]" = "iPhone Developer";
				COPY_PHASE_STRIP = YES;
				ENABLE_NS_ASSERTIONS = NO;
				ENABLE_STRICT_OBJC_MSGSEND = YES;
				GCC_C_LANGUAGE_STANDARD = gnu99;
				GCC_WARN_64_TO_32_BIT_CONVERSION = YES;
				GCC_WARN_ABOUT_RETURN_TYPE = YES_ERROR;
				GCC_WARN_UNDECLARED_SELECTOR = YES;
				GCC_WARN_UNINITIALIZED_AUTOS = YES_AGGRESSIVE;
				GCC_WARN_UNUSED_FUNCTION = YES;
				GCC_WARN_UNUSED_VARIABLE = YES;
				IPHONEOS_DEPLOYMENT_TARGET = 8.1;
				MTL_ENABLE_DEBUG_INFO = NO;
				SDKROOT = iphoneos;
				TARGETED_DEVICE_FAMILY = "1,2";
				VALIDATE_PRODUCT = YES;
			};
			name = Release;
		};
		432596021AA25C8B0076CC87 /* Debug */ = {
			isa = XCBuildConfiguration;
			buildSettings = {
				ASSETCATALOG_COMPILER_APPICON_NAME = AppIcon;
				INFOPLIST_FILE = SUBFUNCTION1/Info.plist;
				LD_RUNPATH_SEARCH_PATHS = "$(inherited) @executable_path/Frameworks";
				PRODUCT_NAME = "$(TARGET_NAME)";
			};
			name = Debug;
		};
		432596031AA25C8B0076CC87 /* Release */ = {
			isa = XCBuildConfiguration;
			buildSettings = {
				ASSETCATALOG_COMPILER_APPICON_NAME = AppIcon;
				INFOPLIST_FILE = SUBFUNCTION1/Info.plist;
				LD_RUNPATH_SEARCH_PATHS = "$(inherited) @executable_path/Frameworks";
				PRODUCT_NAME = "$(TARGET_NAME)";
			};
			name = Release;
		};
		432596051AA25C8B0076CC87 /* Debug */ = {
			isa = XCBuildConfiguration;
			buildSettings = {
				BUNDLE_LOADER = "$(TEST_HOST)";
				FRAMEWORK_SEARCH_PATHS = (
					"$(SDKROOT)/Developer/Library/Frameworks",
					"$(inherited)",
				);
				GCC_PREPROCESSOR_DEFINITIONS = (
					"DEBUG=1",
					"$(inherited)",
				);
				INFOPLIST_FILE = SUBFUNCTION1Tests/Info.plist;
				LD_RUNPATH_SEARCH_PATHS = "$(inherited) @executable_path/Frameworks @loader_path/Frameworks";
				PRODUCT_NAME = "$(TARGET_NAME)";
				TEST_HOST = "$(BUILT_PRODUCTS_DIR)/SUBFUNCTION1.app/SUBFUNCTION1";
			};
			name = Debug;
		};
		432596061AA25C8B0076CC87 /* Release */ = {
			isa = XCBuildConfiguration;
			buildSettings = {
				BUNDLE_LOADER = "$(TEST_HOST)";
				FRAMEWORK_SEARCH_PATHS = (
					"$(SDKROOT)/Developer/Library/Frameworks",
					"$(inherited)",
				);
				INFOPLIST_FILE = SUBFUNCTION1Tests/Info.plist;
				LD_RUNPATH_SEARCH_PATHS = "$(inherited) @executable_path/Frameworks @loader_path/Frameworks";
				PRODUCT_NAME = "$(TARGET_NAME)";
				TEST_HOST = "$(BUILT_PRODUCTS_DIR)/SUBFUNCTION1.app/SUBFUNCTION1";
			};
			name = Release;
		};
/* End XCBuildConfiguration section */

/* Begin XCConfigurationList section */
		432595D91AA25C8B0076CC87 /* Build configuration list for PBXProject "SUBFUNCTION1" */ = {
			isa = XCConfigurationList;
			buildConfigurations = (
				432595FF1AA25C8B0076CC87 /* Debug */,
				432596001AA25C8B0076CC87 /* Release */,
			);
			defaultConfigurationIsVisible = 0;
			defaultConfigurationName = Release;
		};
		432596011AA25C8B0076CC87 /* Build configuration list for PBXNativeTarget "SUBFUNCTION1" */ = {
			isa = XCConfigurationList;
			buildConfigurations = (
				432596021AA25C8B0076CC87 /* Debug */,
				432596031AA25C8B0076CC87 /* Release */,
			);
			defaultConfigurationIsVisible = 0;
		};
		432596041AA25C8B0076CC87 /* Build configuration list for PBXNativeTarget "SUBFUNCTION1Tests" */ = {
			isa = XCConfigurationList;
			buildConfigurations = (
				432596051AA25C8B0076CC87 /* Debug */,
				432596061AA25C8B0076CC87 /* Release */,
			);
			defaultConfigurationIsVisible = 0;
		};
/* End XCConfigurationList section */
	};
	rootObject = 432595D61AA25C8B0076CC87 /* Project object */;
}
